
Microsoft Visual Studio Solution File, Format Version 12.00
# Visual Studio Version 17
VisualStudioVersion = 17.0.31903.59
MinimumVisualStudioVersion = 10.0.40219.1
Project("{2150E333-8FDC-42A3-9474-1A3956D46DE8}") = "src", "src", "{827E0CD3-B72D-47B6-A68D-7590B98EB39B}"
EndProject
Project("{FAE04EC0-301F-11D3-BF4B-00C04F79EFBC}") = "nexIRC.Core", "src\nexIRC.Core\nexIRC.Core.csproj", "{C0DE0A05-B4B3-42B3-8D25-57A99CC529D4}"
EndProject
Project("{FAE04EC0-301F-11D3-BF4B-00C04F79EFBC}") = "nexIRC.Networking", "src\nexIRC.Networking\nexIRC.Networking.csproj", "{FCD52057-C44F-40F1-8CC6-166C0BD0146A}"
EndProject
Project("{FAE04EC0-301F-11D3-BF4B-00C04F79EFBC}") = "nexIRC.Application", "src\nexIRC.Application\nexIRC.Application.csproj", "{5B5F980F-87CC-4955-B198-3BBD0186D21A}"
EndProject
Project("{FAE04EC0-301F-11D3-BF4B-00C04F79EFBC}") = "nexIRC.Desktop", "src\nexIRC.Desktop\nexIRC.Desktop.csproj", "{D7C7E8C4-46B8-4D0C-9E0D-1B4B10B93F40}"
EndProject
Project("{FAE04EC0-301F-11D3-BF4B-00C04F79EFBC}") = "nexIRC.Headless", "src\nexIRC.Headless\nexIRC.Headless.csproj", "{DCED73D4-EB56-42E6-BC39-996D8C764107}"
EndProject
Project("{2150E333-8FDC-42A3-9474-1A3956D46DE8}") = "tests", "tests", "{0AB3BF05-4346-4AA6-1389-037BE0695223}"
EndProject
Project("{FAE04EC0-301F-11D3-BF4B-00C04F79EFBC}") = "nexIRC.Core.Tests", "tests\nexIRC.Core.Tests\nexIRC.Core.Tests.csproj", "{7D6C2C3F-7273-4B10-B78A-D1194BA71D40}"
EndProject
Project("{FAE04EC0-301F-11D3-BF4B-00C04F79EFBC}") = "nexIRC.Networking.Tests", "tests\nexIRC.Networking.Tests\nexIRC.Networking.Tests.csproj", "{4B7D1955-91DC-47B0-A52B-C27742FDAC12}"
EndProject
Project("{FAE04EC0-301F-11D3-BF4B-00C04F79EFBC}") = "nexIRC.Application.Tests", "tests\nexIRC.Application.Tests\nexIRC.Application.Tests.csproj", "{8B5CC884-478A-4B06-828D-80A4DCA67CCC}"
EndProject
Global
	GlobalSection(SolutionConfigurationPlatforms) = preSolution
		Debug|Any CPU = Debug|Any CPU
		Debug|x64 = Debug|x64
		Debug|x86 = Debug|x86
		Release|Any CPU = Release|Any CPU
		Release|x64 = Release|x64
		Release|x86 = Release|x86
	EndGlobalSection
	GlobalSection(ProjectConfigurationPlatforms) = postSolution
		{C0DE0A05-B4B3-42B3-8D25-57A99CC529D4}.Debug|Any CPU.ActiveCfg = Debug|Any CPU
		{C0DE0A05-B4B3-42B3-8D25-57A99CC529D4}.Debug|Any CPU.Build.0 = Debug|Any CPU
		{C0DE0A05-B4B3-42B3-8D25-57A99CC529D4}.Debug|x64.ActiveCfg = Debug|Any CPU
		{C0DE0A05-B4B3-42B3-8D25-57A99CC529D4}.Debug|x64.Build.0 = Debug|Any CPU
		{C0DE0A05-B4B3-42B3-8D25-57A99CC529D4}.Debug|x86.ActiveCfg = Debug|Any CPU
		{C0DE0A05-B4B3-42B3-8D25-57A99CC529D4}.Debug|x86.Build.0 = Debug|Any CPU
		{C0DE0A05-B4B3-42B3-8D25-57A99CC529D4}.Release|Any CPU.ActiveCfg = Release|Any CPU
		{C0DE0A05-B4B3-42B3-8D25-57A99CC529D4}.Release|Any CPU.Build.0 = Release|Any CPU
		{C0DE0A05-B4B3-42B3-8D25-57A99CC529D4}.Release|x64.ActiveCfg = Release|Any CPU
		{C0DE0A05-B4B3-42B3-8D25-57A99CC529D4}.Release|x64.Build.0 = Release|Any CPU
		{C0DE0A05-B4B3-42B3-8D25-57A99CC529D4}.Release|x86.ActiveCfg = Release|Any CPU
		{C0DE0A05-B4B3-42B3-8D25-57A99CC529D4}.Release|x86.Build.0 = Release|Any CPU
		{FCD52057-C44F-40F1-8CC6-166C0BD0146A}.Debug|Any CPU.ActiveCfg = Debug|Any CPU
		{FCD52057-C44F-40F1-8CC6-166C0BD0146A}.Debug|Any CPU.Build.0 = Debug|Any CPU
		{FCD52057-C44F-40F1-8CC6-166C0BD0146A}.Debug|x64.ActiveCfg = Debug|Any CPU
		{FCD52057-C44F-40F1-8CC6-166C0BD0146A}.Debug|x64.Build.0 = Debug|Any CPU
		{FCD52057-C44F-40F1-8CC6-166C0BD0146A}.Debug|x86.ActiveCfg = Debug|Any CPU
		{FCD52057-C44F-40F1-8CC6-166C0BD0146A}.Debug|x86.Build.0 = Debug|Any CPU
		{FCD52057-C44F-40F1-8CC6-166C0BD0146A}.Release|Any CPU.ActiveCfg = Release|Any CPU
		{FCD52057-C44F-40F1-8CC6-166C0BD0146A}.Release|Any CPU.Build.0 = Release|Any CPU
		{FCD52057-C44F-40F1-8CC6-166C0BD0146A}.Release|x64.ActiveCfg = Release|Any CPU
		{FCD52057-C44F-40F1-8CC6-166C0BD0146A}.Release|x64.Build.0 = Release|Any CPU
		{FCD52057-C44F-40F1-8CC6-166C0BD0146A}.Release|x86.ActiveCfg = Release|Any CPU
		{FCD52057-C44F-40F1-8CC6-166C0BD0146A}.Release|x86.Build.0 = Release|Any CPU
		{5B5F980F-87CC-4955-B198-3BBD0186D21A}.Debug|Any CPU.ActiveCfg = Debug|Any CPU
		{5B5F980F-87CC-4955-B198-3BBD0186D21A}.Debug|Any CPU.Build.0 = Debug|Any CPU
		{5B5F980F-87CC-4955-B198-3BBD0186D21A}.Debug|x64.ActiveCfg = Debug|Any CPU
		{5B5F980F-87CC-4955-B198-3BBD0186D21A}.Debug|x64.Build.0 = Debug|Any CPU
		{5B5F980F-87CC-4955-B198-3BBD0186D21A}.Debug|x86.ActiveCfg = Debug|Any CPU
		{5B5F980F-87CC-4955-B198-3BBD0186D21A}.Debug|x86.Build.0 = Debug|Any CPU
		{5B5F980F-87CC-4955-B198-3BBD0186D21A}.Release|Any CPU.ActiveCfg = Release|Any CPU
		{5B5F980F-87CC-4955-B198-3BBD0186D21A}.Release|Any CPU.Build.0 = Release|Any CPU
		{5B5F980F-87CC-4955-B198-3BBD0186D21A}.Release|x64.ActiveCfg = Release|Any CPU
		{5B5F980F-87CC-4955-B198-3BBD0186D21A}.Release|x64.Build.0 = Release|Any CPU
		{5B5F980F-87CC-4955-B198-3BBD0186D21A}.Release|x86.ActiveCfg = Release|Any CPU
		{5B5F980F-87CC-4955-B198-3BBD0186D21A}.Release|x86.Build.0 = Release|Any CPU
		{D7C7E8C4-46B8-4D0C-9E0D-1B4B10B93F40}.Debug|Any CPU.ActiveCfg = Debug|Any CPU
		{D7C7E8C4-46B8-4D0C-9E0D-1B4B10B93F40}.Debug|Any CPU.Build.0 = Debug|Any CPU
		{D7C7E8C4-46B8-4D0C-9E0D-1B4B10B93F40}.Debug|x64.ActiveCfg = Debug|Any CPU
		{D7C7E8C4-46B8-4D0C-9E0D-1B4B10B93F40}.Debug|x64.Build.0 = Debug|Any CPU
		{D7C7E8C4-46B8-4D0C-9E0D-1B4B10B93F40}.Debug|x86.ActiveCfg = Debug|Any CPU
		{D7C7E8C4-46B8-4D0C-9E0D-1B4B10B93F40}.Debug|x86.Build.0 = Debug|Any CPU
		{D7C7E8C4-46B8-4D0C-9E0D-1B4B10B93F40}.Release|Any CPU.ActiveCfg = Release|Any CPU
		{D7C7E8C4-46B8-4D0C-9E0D-1B4B10B93F40}.Release|Any CPU.Build.0 = Release|Any CPU
		{D7C7E8C4-46B8-4D0C-9E0D-1B4B10B93F40}.Release|x64.ActiveCfg = Release|Any CPU
		{D7C7E8C4-46B8-4D0C-9E0D-1B4B10B93F40}.Release|x64.Build.0 = Release|Any CPU
		{D7C7E8C4-46B8-4D0C-9E0D-1B4B10B93F40}.Release|x86.ActiveCfg = Release|Any CPU
		{D7C7E8C4-46B8-4D0C-9E0D-1B4B10B93F40}.Release|x86.Build.0 = Release|Any CPU
		{DCED73D4-EB56-42E6-BC39-996D8C764107}.Debug|Any CPU.ActiveCfg = Debug|Any CPU
		{DCED73D4-EB56-42E6-BC39-996D8C764107}.Debug|Any CPU.Build.0 = Debug|Any CPU
		{DCED73D4-EB56-42E6-BC39-996D8C764107}.Debug|x64.ActiveCfg = Debug|Any CPU
		{DCED73D4-EB56-42E6-BC39-996D8C764107}.Debug|x64.Build.0 = Debug|Any CPU
		{DCED73D4-EB56-42E6-BC39-996D8C764107}.Debug|x86.ActiveCfg = Debug|Any CPU
		{DCED73D4-EB56-42E6-BC39-996D8C764107}.Debug|x86.Build.0 = Debug|Any CPU
		{DCED73D4-EB56-42E6-BC39-996D8C764107}.Release|Any CPU.ActiveCfg = Release|Any CPU
		{DCED73D4-EB56-42E6-BC39-996D8C764107}.Release|Any CPU.Build.0 = Release|Any CPU
		{DCED73D4-EB56-42E6-BC39-996D8C764107}.Release|x64.ActiveCfg = Release|Any CPU
		{DCED73D4-EB56-42E6-BC39-996D8C764107}.Release|x64.Build.0 = Release|Any CPU
		{DCED73D4-EB56-42E6-BC39-996D8C764107}.Release|x86.ActiveCfg = Release|Any CPU
		{DCED73D4-EB56-42E6-BC39-996D8C764107}.Release|x86.Build.0 = Release|Any CPU
		{7D6C2C3F-7273-4B10-B78A-D1194BA71D40}.Debug|Any CPU.ActiveCfg = Debug|Any CPU
		{7D6C2C3F-7273-4B10-B78A-D1194BA71D40}.Debug|Any CPU.Build.0 = Debug|Any CPU
		{7D6C2C3F-7273-4B10-B78A-D1194BA71D40}.Debug|x64.ActiveCfg = Debug|Any CPU
		{7D6C2C3F-7273-4B10-B78A-D1194BA71D40}.Debug|x64.Build.0 = Debug|Any CPU
		{7D6C2C3F-7273-4B10-B78A-D1194BA71D40}.Debug|x86.ActiveCfg = Debug|Any CPU
		{7D6C2C3F-7273-4B10-B78A-D1194BA71D40}.Debug|x86.Build.0 = Debug|Any CPU
		{7D6C2C3F-7273-4B10-B78A-D1194BA71D40}.Release|Any CPU.ActiveCfg = Release|Any CPU
		{7D6C2C3F-7273-4B10-B78A-D1194BA71D40}.Release|Any CPU.Build.0 = Release|Any CPU
		{7D6C2C3F-7273-4B10-B78A-D1194BA71D40}.Release|x64.ActiveCfg = Release|Any CPU
		{7D6C2C3F-7273-4B10-B78A-D1194BA71D40}.Release|x64.Build.0 = Release|Any CPU
		{7D6C2C3F-7273-4B10-B78A-D1194BA71D40}.Release|x86.ActiveCfg = Release|Any CPU
		{7D6C2C3F-7273-4B10-B78A-D1194BA71D40}.Release|x86.Build.0 = Release|Any CPU
		{4B7D1955-91DC-47B0-A52B-C27742FDAC12}.Debug|Any CPU.ActiveCfg = Debug|Any CPU
		{4B7D1955-91DC-47B0-A52B-C27742FDAC12}.Debug|Any CPU.Build.0 = Debug|Any CPU
		{4B7D1955-91DC-47B0-A52B-C27742FDAC12}.Debug|x64.ActiveCfg = Debug|Any CPU
		{4B7D1955-91DC-47B0-A52B-C27742FDAC12}.Debug|x64.Build.0 = Debug|Any CPU
		{4B7D1955-91DC-47B0-A52B-C27742FDAC12}.Debug|x86.ActiveCfg = Debug|Any CPU
		{4B7D1955-91DC-47B0-A52B-C27742FDAC12}.Debug|x86.Build.0 = Debug|Any CPU
		{4B7D1955-91DC-47B0-A52B-C27742FDAC12}.Release|Any CPU.ActiveCfg = Release|Any CPU
		{4B7D1955-91DC-47B0-A52B-C27742FDAC12}.Release|Any CPU.Build.0 = Release|Any CPU
		{4B7D1955-91DC-47B0-A52B-C27742FDAC12}.Release|x64.ActiveCfg = Release|Any CPU
		{4B7D1955-91DC-47B0-A52B-C27742FDAC12}.Release|x64.Build.0 = Release|Any CPU
		{4B7D1955-91DC-47B0-A52B-C27742FDAC12}.Release|x86.ActiveCfg = Release|Any CPU
		{4B7D1955-91DC-47B0-A52B-C27742FDAC12}.Release|x86.Build.0 = Release|Any CPU
		{8B5CC884-478A-4B06-828D-80A4DCA67CCC}.Debug|Any CPU.ActiveCfg = Debug|Any CPU
		{8B5CC884-478A-4B06-828D-80A4DCA67CCC}.Debug|Any CPU.Build.0 = Debug|Any CPU
		{8B5CC884-478A-4B06-828D-80A4DCA67CCC}.Debug|x64.ActiveCfg = Debug|Any CPU
		{8B5CC884-478A-4B06-828D-80A4DCA67CCC}.Debug|x64.Build.0 = Debug|Any CPU
		{8B5CC884-478A-4B06-828D-80A4DCA67CCC}.Debug|x86.ActiveCfg = Debug|Any CPU
		{8B5CC884-478A-4B06-828D-80A4DCA67CCC}.Debug|x86.Build.0 = Debug|Any CPU
		{8B5CC884-478A-4B06-828D-80A4DCA67CCC}.Release|Any CPU.ActiveCfg = Release|Any CPU
		{8B5CC884-478A-4B06-828D-80A4DCA67CCC}.Release|Any CPU.Build.0 = Release|Any CPU
		{8B5CC884-478A-4B06-828D-80A4DCA67CCC}.Release|x64.ActiveCfg = Release|Any CPU
		{8B5CC884-478A-4B06-828D-80A4DCA67CCC}.Release|x64.Build.0 = Release|Any CPU
		{8B5CC884-478A-4B06-828D-80A4DCA67CCC}.Release|x86.ActiveCfg = Release|Any CPU
		{8B5CC884-478A-4B06-828D-80A4DCA67CCC}.Release|x86.Build.0 = Release|Any CPU
	EndGlobalSection
	GlobalSection(SolutionProperties) = preSolution
		HideSolutionNode = FALSE
	EndGlobalSection
	GlobalSection(NestedProjects) = preSolution
		{C0DE0A05-B4B3-42B3-8D25-57A99CC529D4} = {827E0CD3-B72D-47B6-A68D-7590B98EB39B}
		{FCD52057-C44F-40F1-8CC6-166C0BD0146A} = {827E0CD3-B72D-47B6-A68D-7590B98EB39B}
		{5B5F980F-87CC-4955-B198-3BBD0186D21A} = {827E0CD3-B72D-47B6-A68D-7590B98EB39B}
		{D7C7E8C4-46B8-4D0C-9E0D-1B4B10B93F40} = {827E0CD3-B72D-47B6-A68D-7590B98EB39B}
		{DCED73D4-EB56-42E6-BC39-996D8C764107} = {827E0CD3-B72D-47B6-A68D-7590B98EB39B}
		{7D6C2C3F-7273-4B10-B78A-D1194BA71D40} = {0AB3BF05-4346-4AA6-1389-037BE0695223}
		{4B7D1955-91DC-47B0-A52B-C27742FDAC12} = {0AB3BF05-4346-4AA6-1389-037BE0695223}
		{8B5CC884-478A-4B06-828D-80A4DCA67CCC} = {0AB3BF05-4346-4AA6-1389-037BE0695223}
	EndGlobalSection
EndGlobal
